
Microsoft Visual Studio Solution File, Format Version 12.00
# Visual Studio 2013
VisualStudioVersion = 12.0.31101.0
MinimumVisualStudioVersion = 10.0.40219.1
Project("{FAE04EC0-301F-11D3-BF4B-00C04F79EFBC}") = "DantistApp", "DantistApp\DantistApp.csproj", "{618AEC8C-3238-4584-985E-63C3EF4977EE}"
EndProject
Global
	GlobalSection(SolutionConfigurationPlatforms) = preSolution
		Debug|Any CPU = Debug|Any CPU
		Release|Any CPU = Release|Any CPU
	EndGlobalSection
	GlobalSection(ProjectConfigurationPlatforms) = postSolution
		{618AEC8C-3238-4584-985E-63C3EF4977EE}.Debug|Any CPU.ActiveCfg = Debug|Any CPU
		{618AEC8C-3238-4584-985E-63C3EF4977EE}.Debug|Any CPU.Build.0 = Debug|Any CPU
		{618AEC8C-3238-4584-985E-63C3EF4977EE}.Release|Any CPU.ActiveCfg = Release|Any CPU
		{618AEC8C-3238-4584-985E-63C3EF4977EE}.Release|Any CPU.Build.0 = Release|Any CPU
	EndGlobalSection
	GlobalSection(SolutionProperties) = preSolution
		HideSolutionNode = FALSE
	EndGlobalSection
EndGlobal
